// !$*UTF8*$!
{
	archiveVersion = 1;
	classes = {
	};
	objectVersion = 50;
	objects = {

/* Begin PBXBuildFile section */
		D464A14B244E93B9005585F5 /* AppDelegate.swift in Sources */ = {isa = PBXBuildFile; fileRef = D464A14A244E93B9005585F5 /* AppDelegate.swift */; };
		D464A14D244E93B9005585F5 /* SceneDelegate.swift in Sources */ = {isa = PBXBuildFile; fileRef = D464A14C244E93B9005585F5 /* SceneDelegate.swift */; };
		D464A14F244E93B9005585F5 /* ContentView.swift in Sources */ = {isa = PBXBuildFile; fileRef = D464A14E244E93B9005585F5 /* ContentView.swift */; };
		D464A151244E93B9005585F5 /* Assets.xcassets in Resources */ = {isa = PBXBuildFile; fileRef = D464A150244E93B9005585F5 /* Assets.xcassets */; };
		D464A154244E93B9005585F5 /* Preview Assets.xcassets in Resources */ = {isa = PBXBuildFile; fileRef = D464A153244E93B9005585F5 /* Preview Assets.xcassets */; };
		D464A157244E93B9005585F5 /* LaunchScreen.storyboard in Resources */ = {isa = PBXBuildFile; fileRef = D464A155244E93B9005585F5 /* LaunchScreen.storyboard */; };
		D464A162244E93BA005585F5 /* CrossyWordzTests.swift in Sources */ = {isa = PBXBuildFile; fileRef = D464A161244E93BA005585F5 /* CrossyWordzTests.swift */; };
		D464A16D244E93BA005585F5 /* CrossyWordzUITests.swift in Sources */ = {isa = PBXBuildFile; fileRef = D464A16C244E93BA005585F5 /* CrossyWordzUITests.swift */; };
		D4EDA05C24500564002AD172 /* CustomTextField.swift in Sources */ = {isa = PBXBuildFile; fileRef = D4EDA05B24500564002AD172 /* CustomTextField.swift */; };
/* End PBXBuildFile section */

/* Begin PBXContainerItemProxy section */
		D464A15E244E93BA005585F5 /* PBXContainerItemProxy */ = {
			isa = PBXContainerItemProxy;
			containerPortal = D464A13F244E93B9005585F5 /* Project object */;
			proxyType = 1;
			remoteGlobalIDString = D464A146244E93B9005585F5;
			remoteInfo = CrossyWordz;
		};
		D464A169244E93BA005585F5 /* PBXContainerItemProxy */ = {
			isa = PBXContainerItemProxy;
			containerPortal = D464A13F244E93B9005585F5 /* Project object */;
			proxyType = 1;
			remoteGlobalIDString = D464A146244E93B9005585F5;
			remoteInfo = CrossyWordz;
		};
/* End PBXContainerItemProxy section */

/* Begin PBXFileReference section */
		D464A147244E93B9005585F5 /* CrossyWordz.app */ = {isa = PBXFileReference; explicitFileType = wrapper.application; includeInIndex = 0; path = CrossyWordz.app; sourceTree = BUILT_PRODUCTS_DIR; };
		D464A14A244E93B9005585F5 /* AppDelegate.swift */ = {isa = PBXFileReference; lastKnownFileType = sourcecode.swift; path = AppDelegate.swift; sourceTree = "<group>"; };
		D464A14C244E93B9005585F5 /* SceneDelegate.swift */ = {isa = PBXFileReference; lastKnownFileType = sourcecode.swift; path = SceneDelegate.swift; sourceTree = "<group>"; };
		D464A14E244E93B9005585F5 /* ContentView.swift */ = {isa = PBXFileReference; lastKnownFileType = sourcecode.swift; path = ContentView.swift; sourceTree = "<group>"; };
		D464A150244E93B9005585F5 /* Assets.xcassets */ = {isa = PBXFileReference; lastKnownFileType = folder.assetcatalog; path = Assets.xcassets; sourceTree = "<group>"; };
		D464A153244E93B9005585F5 /* Preview Assets.xcassets */ = {isa = PBXFileReference; lastKnownFileType = folder.assetcatalog; path = "Preview Assets.xcassets"; sourceTree = "<group>"; };
		D464A156244E93B9005585F5 /* Base */ = {isa = PBXFileReference; lastKnownFileType = file.storyboard; name = Base; path = Base.lproj/LaunchScreen.storyboard; sourceTree = "<group>"; };
		D464A158244E93B9005585F5 /* Info.plist */ = {isa = PBXFileReference; lastKnownFileType = text.plist.xml; path = Info.plist; sourceTree = "<group>"; };
		D464A15D244E93BA005585F5 /* CrossyWordzTests.xctest */ = {isa = PBXFileReference; explicitFileType = wrapper.cfbundle; includeInIndex = 0; path = CrossyWordzTests.xctest; sourceTree = BUILT_PRODUCTS_DIR; };
		D464A161244E93BA005585F5 /* CrossyWordzTests.swift */ = {isa = PBXFileReference; lastKnownFileType = sourcecode.swift; path = CrossyWordzTests.swift; sourceTree = "<group>"; };
		D464A163244E93BA005585F5 /* Info.plist */ = {isa = PBXFileReference; lastKnownFileType = text.plist.xml; path = Info.plist; sourceTree = "<group>"; };
		D464A168244E93BA005585F5 /* CrossyWordzUITests.xctest */ = {isa = PBXFileReference; explicitFileType = wrapper.cfbundle; includeInIndex = 0; path = CrossyWordzUITests.xctest; sourceTree = BUILT_PRODUCTS_DIR; };
		D464A16C244E93BA005585F5 /* CrossyWordzUITests.swift */ = {isa = PBXFileReference; lastKnownFileType = sourcecode.swift; path = CrossyWordzUITests.swift; sourceTree = "<group>"; };
		D464A16E244E93BA005585F5 /* Info.plist */ = {isa = PBXFileReference; lastKnownFileType = text.plist.xml; path = Info.plist; sourceTree = "<group>"; };
		D4EDA05B24500564002AD172 /* CustomTextField.swift */ = {isa = PBXFileReference; lastKnownFileType = sourcecode.swift; path = CustomTextField.swift; sourceTree = "<group>"; };
/* End PBXFileReference section */

/* Begin PBXFrameworksBuildPhase section */
		D464A144244E93B9005585F5 /* Frameworks */ = {
			isa = PBXFrameworksBuildPhase;
			buildActionMask = 2147483647;
			files = (
			);
			runOnlyForDeploymentPostprocessing = 0;
		};
		D464A15A244E93BA005585F5 /* Frameworks */ = {
			isa = PBXFrameworksBuildPhase;
			buildActionMask = 2147483647;
			files = (
			);
			runOnlyForDeploymentPostprocessing = 0;
		};
		D464A165244E93BA005585F5 /* Frameworks */ = {
			isa = PBXFrameworksBuildPhase;
			buildActionMask = 2147483647;
			files = (
			);
			runOnlyForDeploymentPostprocessing = 0;
		};
/* End PBXFrameworksBuildPhase section */

/* Begin PBXGroup section */
		D464A13E244E93B9005585F5 = {
			isa = PBXGroup;
			children = (
				D464A149244E93B9005585F5 /* CrossyWordz */,
				D464A160244E93BA005585F5 /* CrossyWordzTests */,
				D464A16B244E93BA005585F5 /* CrossyWordzUITests */,
				D464A148244E93B9005585F5 /* Products */,
			);
			sourceTree = "<group>";
		};
		D464A148244E93B9005585F5 /* Products */ = {
			isa = PBXGroup;
			children = (
				D464A147244E93B9005585F5 /* CrossyWordz.app */,
				D464A15D244E93BA005585F5 /* CrossyWordzTests.xctest */,
				D464A168244E93BA005585F5 /* CrossyWordzUITests.xctest */,
			);
			name = Products;
			sourceTree = "<group>";
		};
		D464A149244E93B9005585F5 /* CrossyWordz */ = {
			isa = PBXGroup;
			children = (
				D464A14A244E93B9005585F5 /* AppDelegate.swift */,
				D464A14C244E93B9005585F5 /* SceneDelegate.swift */,
				D464A14E244E93B9005585F5 /* ContentView.swift */,
				D464A150244E93B9005585F5 /* Assets.xcassets */,
				D464A155244E93B9005585F5 /* LaunchScreen.storyboard */,
				D464A158244E93B9005585F5 /* Info.plist */,
				D464A152244E93B9005585F5 /* Preview Content */,
				D4EDA05B24500564002AD172 /* CustomTextField.swift */,
			);
			path = CrossyWordz;
			sourceTree = "<group>";
		};
		D464A152244E93B9005585F5 /* Preview Content */ = {
			isa = PBXGroup;
			children = (
				D464A153244E93B9005585F5 /* Preview Assets.xcassets */,
			);
			path = "Preview Content";
			sourceTree = "<group>";
		};
		D464A160244E93BA005585F5 /* CrossyWordzTests */ = {
			isa = PBXGroup;
			children = (
				D464A161244E93BA005585F5 /* CrossyWordzTests.swift */,
				D464A163244E93BA005585F5 /* Info.plist */,
			);
			path = CrossyWordzTests;
			sourceTree = "<group>";
		};
		D464A16B244E93BA005585F5 /* CrossyWordzUITests */ = {
			isa = PBXGroup;
			children = (
				D464A16C244E93BA005585F5 /* CrossyWordzUITests.swift */,
				D464A16E244E93BA005585F5 /* Info.plist */,
			);
			path = CrossyWordzUITests;
			sourceTree = "<group>";
		};
/* End PBXGroup section */

/* Begin PBXNativeTarget section */
		D464A146244E93B9005585F5 /* CrossyWordz */ = {
			isa = PBXNativeTarget;
			buildConfigurationList = D464A171244E93BA005585F5 /* Build configuration list for PBXNativeTarget "CrossyWordz" */;
			buildPhases = (
				D464A143244E93B9005585F5 /* Sources */,
				D464A144244E93B9005585F5 /* Frameworks */,
				D464A145244E93B9005585F5 /* Resources */,
			);
			buildRules = (
			);
			dependencies = (
			);
			name = CrossyWordz;
			productName = CrossyWordz;
			productReference = D464A147244E93B9005585F5 /* CrossyWordz.app */;
			productType = "com.apple.product-type.application";
		};
		D464A15C244E93BA005585F5 /* CrossyWordzTests */ = {
			isa = PBXNativeTarget;
			buildConfigurationList = D464A174244E93BA005585F5 /* Build configuration list for PBXNativeTarget "CrossyWordzTests" */;
			buildPhases = (
				D464A159244E93BA005585F5 /* Sources */,
				D464A15A244E93BA005585F5 /* Frameworks */,
				D464A15B244E93BA005585F5 /* Resources */,
			);
			buildRules = (
			);
			dependencies = (
				D464A15F244E93BA005585F5 /* PBXTargetDependency */,
			);
			name = CrossyWordzTests;
			productName = CrossyWordzTests;
			productReference = D464A15D244E93BA005585F5 /* CrossyWordzTests.xctest */;
			productType = "com.apple.product-type.bundle.unit-test";
		};
		D464A167244E93BA005585F5 /* CrossyWordzUITests */ = {
			isa = PBXNativeTarget;
			buildConfigurationList = D464A177244E93BA005585F5 /* Build configuration list for PBXNativeTarget "CrossyWordzUITests" */;
			buildPhases = (
				D464A164244E93BA005585F5 /* Sources */,
				D464A165244E93BA005585F5 /* Frameworks */,
				D464A166244E93BA005585F5 /* Resources */,
			);
			buildRules = (
			);
			dependencies = (
				D464A16A244E93BA005585F5 /* PBXTargetDependency */,
			);
			name = CrossyWordzUITests;
			productName = CrossyWordzUITests;
			productReference = D464A168244E93BA005585F5 /* CrossyWordzUITests.xctest */;
			productType = "com.apple.product-type.bundle.ui-testing";
		};
/* End PBXNativeTarget section */

/* Begin PBXProject section */
		D464A13F244E93B9005585F5 /* Project object */ = {
			isa = PBXProject;
			attributes = {
				LastSwiftUpdateCheck = 1140;
				LastUpgradeCheck = 1140;
				ORGANIZATIONNAME = "Tyler Goodman";
				TargetAttributes = {
					D464A146244E93B9005585F5 = {
						CreatedOnToolsVersion = 11.4;
					};
					D464A15C244E93BA005585F5 = {
						CreatedOnToolsVersion = 11.4;
						TestTargetID = D464A146244E93B9005585F5;
					};
					D464A167244E93BA005585F5 = {
						CreatedOnToolsVersion = 11.4;
						TestTargetID = D464A146244E93B9005585F5;
					};
				};
			};
			buildConfigurationList = D464A142244E93B9005585F5 /* Build configuration list for PBXProject "CrossyWordz" */;
			compatibilityVersion = "Xcode 9.3";
			developmentRegion = en;
			hasScannedForEncodings = 0;
			knownRegions = (
				en,
				Base,
			);
			mainGroup = D464A13E244E93B9005585F5;
			productRefGroup = D464A148244E93B9005585F5 /* Products */;
			projectDirPath = "";
			projectRoot = "";
			targets = (
				D464A146244E93B9005585F5 /* CrossyWordz */,
				D464A15C244E93BA005585F5 /* CrossyWordzTests */,
				D464A167244E93BA005585F5 /* CrossyWordzUITests */,
			);
		};
/* End PBXProject section */

/* Begin PBXResourcesBuildPhase section */
		D464A145244E93B9005585F5 /* Resources */ = {
			isa = PBXResourcesBuildPhase;
			buildActionMask = 2147483647;
			files = (
				D464A157244E93B9005585F5 /* LaunchScreen.storyboard in Resources */,
				D464A154244E93B9005585F5 /* Preview Assets.xcassets in Resources */,
				D464A151244E93B9005585F5 /* Assets.xcassets in Resources */,
			);
			runOnlyForDeploymentPostprocessing = 0;
		};
		D464A15B244E93BA005585F5 /* Resources */ = {
			isa = PBXResourcesBuildPhase;
			buildActionMask = 2147483647;
			files = (
			);
			runOnlyForDeploymentPostprocessing = 0;
		};
		D464A166244E93BA005585F5 /* Resources */ = {
			isa = PBXResourcesBuildPhase;
			buildActionMask = 2147483647;
			files = (
			);
			runOnlyForDeploymentPostprocessing = 0;
		};
/* End PBXResourcesBuildPhase section */

/* Begin PBXSourcesBuildPhase section */
		D464A143244E93B9005585F5 /* Sources */ = {
			isa = PBXSourcesBuildPhase;
			buildActionMask = 2147483647;
			files = (
				D4EDA05C24500564002AD172 /* CustomTextField.swift in Sources */,
				D464A14B244E93B9005585F5 /* AppDelegate.swift in Sources */,
				D464A14D244E93B9005585F5 /* SceneDelegate.swift in Sources */,
				D464A14F244E93B9005585F5 /* ContentView.swift in Sources */,
			);
			runOnlyForDeploymentPostprocessing = 0;
		};
		D464A159244E93BA005585F5 /* Sources */ = {
			isa = PBXSourcesBuildPhase;
			buildActionMask = 2147483647;
			files = (
				D464A162244E93BA005585F5 /* CrossyWordzTests.swift in Sources */,
			);
			runOnlyForDeploymentPostprocessing = 0;
		};
		D464A164244E93BA005585F5 /* Sources */ = {
			isa = PBXSourcesBuildPhase;
			buildActionMask = 2147483647;
			files = (
				D464A16D244E93BA005585F5 /* CrossyWordzUITests.swift in Sources */,
			);
			runOnlyForDeploymentPostprocessing = 0;
		};
/* End PBXSourcesBuildPhase section */

/* Begin PBXTargetDependency section */
		D464A15F244E93BA005585F5 /* PBXTargetDependency */ = {
			isa = PBXTargetDependency;
			target = D464A146244E93B9005585F5 /* CrossyWordz */;
			targetProxy = D464A15E244E93BA005585F5 /* PBXContainerItemProxy */;
		};
		D464A16A244E93BA005585F5 /* PBXTargetDependency */ = {
			isa = PBXTargetDependency;
			target = D464A146244E93B9005585F5 /* CrossyWordz */;
			targetProxy = D464A169244E93BA005585F5 /* PBXContainerItemProxy */;
		};
/* End PBXTargetDependency section */

/* Begin PBXVariantGroup section */
		D464A155244E93B9005585F5 /* LaunchScreen.storyboard */ = {
			isa = PBXVariantGroup;
			children = (
				D464A156244E93B9005585F5 /* Base */,
			);
			name = LaunchScreen.storyboard;
			sourceTree = "<group>";
		};
/* End PBXVariantGroup section */

/* Begin XCBuildConfiguration section */
		D464A16F244E93BA005585F5 /* Debug */ = {
			isa = XCBuildConfiguration;
			buildSettings = {
				ALWAYS_SEARCH_USER_PATHS = NO;
				CLANG_ANALYZER_NONNULL = YES;
				CLANG_ANALYZER_NUMBER_OBJECT_CONVERSION = YES_AGGRESSIVE;
				CLANG_CXX_LANGUAGE_STANDARD = "gnu++14";
				CLANG_CXX_LIBRARY = "libc++";
				CLANG_ENABLE_MODULES = YES;
				CLANG_ENABLE_OBJC_ARC = YES;
				CLANG_ENABLE_OBJC_WEAK = YES;
				CLANG_WARN_BLOCK_CAPTURE_AUTORELEASING = YES;
				CLANG_WARN_BOOL_CONVERSION = YES;
				CLANG_WARN_COMMA = YES;
				CLANG_WARN_CONSTANT_CONVERSION = YES;
				CLANG_WARN_DEPRECATED_OBJC_IMPLEMENTATIONS = YES;
				CLANG_WARN_DIRECT_OBJC_ISA_USAGE = YES_ERROR;
				CLANG_WARN_DOCUMENTATION_COMMENTS = YES;
				CLANG_WARN_EMPTY_BODY = YES;
				CLANG_WARN_ENUM_CONVERSION = YES;
				CLANG_WARN_INFINITE_RECURSION = YES;
				CLANG_WARN_INT_CONVERSION = YES;
				CLANG_WARN_NON_LITERAL_NULL_CONVERSION = YES;
				CLANG_WARN_OBJC_IMPLICIT_RETAIN_SELF = YES;
				CLANG_WARN_OBJC_LITERAL_CONVERSION = YES;
				CLANG_WARN_OBJC_ROOT_CLASS = YES_ERROR;
				CLANG_WARN_RANGE_LOOP_ANALYSIS = YES;
				CLANG_WARN_STRICT_PROTOTYPES = YES;
				CLANG_WARN_SUSPICIOUS_MOVE = YES;
				CLANG_WARN_UNGUARDED_AVAILABILITY = YES_AGGRESSIVE;
				CLANG_WARN_UNREACHABLE_CODE = YES;
				CLANG_WARN__DUPLICATE_METHOD_MATCH = YES;
				COPY_PHASE_STRIP = NO;
				DEBUG_INFORMATION_FORMAT = dwarf;
				ENABLE_STRICT_OBJC_MSGSEND = YES;
				ENABLE_TESTABILITY = YES;
				GCC_C_LANGUAGE_STANDARD = gnu11;
				GCC_DYNAMIC_NO_PIC = NO;
				GCC_NO_COMMON_BLOCKS = YES;
				GCC_OPTIMIZATION_LEVEL = 0;
				GCC_PREPROCESSOR_DEFINITIONS = (
					"DEBUG=1",
					"$(inherited)",
				);
				GCC_WARN_64_TO_32_BIT_CONVERSION = YES;
				GCC_WARN_ABOUT_RETURN_TYPE = YES_ERROR;
				GCC_WARN_UNDECLARED_SELECTOR = YES;
				GCC_WARN_UNINITIALIZED_AUTOS = YES_AGGRESSIVE;
				GCC_WARN_UNUSED_FUNCTION = YES;
				GCC_WARN_UNUSED_VARIABLE = YES;
				IPHONEOS_DEPLOYMENT_TARGET = 13.4;
				MTL_ENABLE_DEBUG_INFO = INCLUDE_SOURCE;
				MTL_FAST_MATH = YES;
				ONLY_ACTIVE_ARCH = YES;
				SDKROOT = iphoneos;
				SWIFT_ACTIVE_COMPILATION_CONDITIONS = DEBUG;
				SWIFT_OPTIMIZATION_LEVEL = "-Onone";
			};
			name = Debug;
		};
		D464A170244E93BA005585F5 /* Release */ = {
			isa = XCBuildConfiguration;
			buildSettings = {
				ALWAYS_SEARCH_USER_PATHS = NO;
				CLANG_ANALYZER_NONNULL = YES;
				CLANG_ANALYZER_NUMBER_OBJECT_CONVERSION = YES_AGGRESSIVE;
				CLANG_CXX_LANGUAGE_STANDARD = "gnu++14";
				CLANG_CXX_LIBRARY = "libc++";
				CLANG_ENABLE_MODULES = YES;
				CLANG_ENABLE_OBJC_ARC = YES;
				CLANG_ENABLE_OBJC_WEAK = YES;
				CLANG_WARN_BLOCK_CAPTURE_AUTORELEASING = YES;
				CLANG_WARN_BOOL_CONVERSION = YES;
				CLANG_WARN_COMMA = YES;
				CLANG_WARN_CONSTANT_CONVERSION = YES;
				CLANG_WARN_DEPRECATED_OBJC_IMPLEMENTATIONS = YES;
				CLANG_WARN_DIRECT_OBJC_ISA_USAGE = YES_ERROR;
				CLANG_WARN_DOCUMENTATION_COMMENTS = YES;
				CLANG_WARN_EMPTY_BODY = YES;
				CLANG_WARN_ENUM_CONVERSION = YES;
				CLANG_WARN_INFINITE_RECURSION = YES;
				CLANG_WARN_INT_CONVERSION = YES;
				CLANG_WARN_NON_LITERAL_NULL_CONVERSION = YES;
				CLANG_WARN_OBJC_IMPLICIT_RETAIN_SELF = YES;
				CLANG_WARN_OBJC_LITERAL_CONVERSION = YES;
				CLANG_WARN_OBJC_ROOT_CLASS = YES_ERROR;
				CLANG_WARN_RANGE_LOOP_ANALYSIS = YES;
				CLANG_WARN_STRICT_PROTOTYPES = YES;
				CLANG_WARN_SUSPICIOUS_MOVE = YES;
				CLANG_WARN_UNGUARDED_AVAILABILITY = YES_AGGRESSIVE;
				CLANG_WARN_UNREACHABLE_CODE = YES;
				CLANG_WARN__DUPLICATE_METHOD_MATCH = YES;
				COPY_PHASE_STRIP = NO;
				DEBUG_INFORMATION_FORMAT = "dwarf-with-dsym";
				ENABLE_NS_ASSERTIONS = NO;
				ENABLE_STRICT_OBJC_MSGSEND = YES;
				GCC_C_LANGUAGE_STANDARD = gnu11;
				GCC_NO_COMMON_BLOCKS = YES;
				GCC_WARN_64_TO_32_BIT_CONVERSION = YES;
				GCC_WARN_ABOUT_RETURN_TYPE = YES_ERROR;
				GCC_WARN_UNDECLARED_SELECTOR = YES;
				GCC_WARN_UNINITIALIZED_AUTOS = YES_AGGRESSIVE;
				GCC_WARN_UNUSED_FUNCTION = YES;
				GCC_WARN_UNUSED_VARIABLE = YES;
				IPHONEOS_DEPLOYMENT_TARGET = 13.4;
				MTL_ENABLE_DEBUG_INFO = NO;
				MTL_FAST_MATH = YES;
				SDKROOT = iphoneos;
				SWIFT_COMPILATION_MODE = wholemodule;
				SWIFT_OPTIMIZATION_LEVEL = "-O";
				VALIDATE_PRODUCT = YES;
			};
			name = Release;
		};
		D464A172244E93BA005585F5 /* Debug */ = {
			isa = XCBuildConfiguration;
			buildSettings = {
				ASSETCATALOG_COMPILER_APPICON_NAME = AppIcon;
				CODE_SIGN_STYLE = Automatic;
				DEVELOPMENT_ASSET_PATHS = "\"CrossyWordz/Preview Content\"";
				DEVELOPMENT_TEAM = A9RTYDWU23;
				ENABLE_PREVIEWS = YES;
				INFOPLIST_FILE = CrossyWordz/Info.plist;
				LD_RUNPATH_SEARCH_PATHS = (
					"$(inherited)",
					"@executable_path/Frameworks",
				);
				PRODUCT_BUNDLE_IDENTIFIER = com.tylergoodman.CrossyWordz;
				PRODUCT_NAME = "$(TARGET_NAME)";
				SWIFT_VERSION = 5.0;
				TARGETED_DEVICE_FAMILY = "1,2";
			};
			name = Debug;
		};
		D464A173244E93BA005585F5 /* Release */ = {
			isa = XCBuildConfiguration;
			buildSettings = {
				ASSETCATALOG_COMPILER_APPICON_NAME = AppIcon;
				CODE_SIGN_STYLE = Automatic;
				DEVELOPMENT_ASSET_PATHS = "\"CrossyWordz/Preview Content\"";
				DEVELOPMENT_TEAM = A9RTYDWU23;
				ENABLE_PREVIEWS = YES;
				INFOPLIST_FILE = CrossyWordz/Info.plist;
				LD_RUNPATH_SEARCH_PATHS = (
					"$(inherited)",
					"@executable_path/Frameworks",
				);
				PRODUCT_BUNDLE_IDENTIFIER = com.tylergoodman.CrossyWordz;
				PRODUCT_NAME = "$(TARGET_NAME)";
				SWIFT_VERSION = 5.0;
				TARGETED_DEVICE_FAMILY = "1,2";
			};
			name = Release;
		};
		D464A175244E93BA005585F5 /* Debug */ = {
			isa = XCBuildConfiguration;
			buildSettings = {
				ALWAYS_EMBED_SWIFT_STANDARD_LIBRARIES = YES;
				BUNDLE_LOADER = "$(TEST_HOST)";
				CODE_SIGN_STYLE = Automatic;
				DEVELOPMENT_TEAM = A9RTYDWU23;
				INFOPLIST_FILE = CrossyWordzTests/Info.plist;
				IPHONEOS_DEPLOYMENT_TARGET = 13.4;
				LD_RUNPATH_SEARCH_PATHS = (
					"$(inherited)",
					"@executable_path/Frameworks",
					"@loader_path/Frameworks",
				);
				PRODUCT_BUNDLE_IDENTIFIER = com.tylergoodman.CrossyWordzTests;
				PRODUCT_NAME = "$(TARGET_NAME)";
				SWIFT_VERSION = 5.0;
				TARGETED_DEVICE_FAMILY = "1,2";
				TEST_HOST = "$(BUILT_PRODUCTS_DIR)/CrossyWordz.app/CrossyWordz";
			};
			name = Debug;
		};
		D464A176244E93BA005585F5 /* Release */ = {
			isa = XCBuildConfiguration;
			buildSettings = {
				ALWAYS_EMBED_SWIFT_STANDARD_LIBRARIES = YES;
				BUNDLE_LOADER = "$(TEST_HOST)";
				CODE_SIGN_STYLE = Automatic;
				DEVELOPMENT_TEAM = A9RTYDWU23;
				INFOPLIST_FILE = CrossyWordzTests/Info.plist;
				IPHONEOS_DEPLOYMENT_TARGET = 13.4;
				LD_RUNPATH_SEARCH_PATHS = (
					"$(inherited)",
					"@executable_path/Frameworks",
					"@loader_path/Frameworks",
				);
				PRODUCT_BUNDLE_IDENTIFIER = com.tylergoodman.CrossyWordzTests;
				PRODUCT_NAME = "$(TARGET_NAME)";
				SWIFT_VERSION = 5.0;
				TARGETED_DEVICE_FAMILY = "1,2";
				TEST_HOST = "$(BUILT_PRODUCTS_DIR)/CrossyWordz.app/CrossyWordz";
			};
			name = Release;
		};
		D464A178244E93BA005585F5 /* Debug */ = {
			isa = XCBuildConfiguration;
			buildSettings = {
				ALWAYS_EMBED_SWIFT_STANDARD_LIBRARIES = YES;
				CODE_SIGN_STYLE = Automatic;
				DEVELOPMENT_TEAM = A9RTYDWU23;
				INFOPLIST_FILE = CrossyWordzUITests/Info.plist;
				LD_RUNPATH_SEARCH_PATHS = (
					"$(inherited)",
					"@executable_path/Frameworks",
					"@loader_path/Frameworks",
				);
				PRODUCT_BUNDLE_IDENTIFIER = com.tylergoodman.CrossyWordzUITests;
				PRODUCT_NAME = "$(TARGET_NAME)";
				SWIFT_VERSION = 5.0;
				TARGETED_DEVICE_FAMILY = "1,2";
				TEST_TARGET_NAME = CrossyWordz;
			};
			name = Debug;
		};
		D464A179244E93BA005585F5 /* Release */ = {
			isa = XCBuildConfiguration;
			buildSettings = {
				ALWAYS_EMBED_SWIFT_STANDARD_LIBRARIES = YES;
				CODE_SIGN_STYLE = Automatic;
				DEVELOPMENT_TEAM = A9RTYDWU23;
				INFOPLIST_FILE = CrossyWordzUITests/Info.plist;
				LD_RUNPATH_SEARCH_PATHS = (
					"$(inherited)",
					"@executable_path/Frameworks",
					"@loader_path/Frameworks",
				);
				PRODUCT_BUNDLE_IDENTIFIER = com.tylergoodman.CrossyWordzUITests;
				PRODUCT_NAME = "$(TARGET_NAME)";
				SWIFT_VERSION = 5.0;
				TARGETED_DEVICE_FAMILY = "1,2";
				TEST_TARGET_NAME = CrossyWordz;
			};
			name = Release;
		};
/* End XCBuildConfiguration section */

/* Begin XCConfigurationList section */
		D464A142244E93B9005585F5 /* Build configuration list for PBXProject "CrossyWordz" */ = {
			isa = XCConfigurationList;
			buildConfigurations = (
				D464A16F244E93BA005585F5 /* Debug */,
				D464A170244E93BA005585F5 /* Release */,
			);
			defaultConfigurationIsVisible = 0;
			defaultConfigurationName = Release;
		};
		D464A171244E93BA005585F5 /* Build configuration list for PBXNativeTarget "CrossyWordz" */ = {
			isa = XCConfigurationList;
			buildConfigurations = (
				D464A172244E93BA005585F5 /* Debug */,
				D464A173244E93BA005585F5 /* Release */,
			);
			defaultConfigurationIsVisible = 0;
			defaultConfigurationName = Release;
		};
		D464A174244E93BA005585F5 /* Build configuration list for PBXNativeTarget "CrossyWordzTests" */ = {
			isa = XCConfigurationList;
			buildConfigurations = (
				D464A175244E93BA005585F5 /* Debug */,
				D464A176244E93BA005585F5 /* Release */,
			);
			defaultConfigurationIsVisible = 0;
			defaultConfigurationName = Release;
		};
		D464A177244E93BA005585F5 /* Build configuration list for PBXNativeTarget "CrossyWordzUITests" */ = {
			isa = XCConfigurationList;
			buildConfigurations = (
				D464A178244E93BA005585F5 /* Debug */,
				D464A179244E93BA005585F5 /* Release */,
			);
			defaultConfigurationIsVisible = 0;
			defaultConfigurationName = Release;
		};
/* End XCConfigurationList section */
	};
	rootObject = D464A13F244E93B9005585F5 /* Project object */;
}
